
Microsoft Visual Studio Solution File, Format Version 12.00
# Visual Studio Version 17
VisualStudioVersion = 17.3.32929.385
MinimumVisualStudioVersion = 10.0.40219.1
Project("{FAE04EC0-301F-11D3-BF4B-00C04F79EFBC}") = "BeehiveManagementSystem", "BeehiveManagementSystem\BeehiveManagementSystem.csproj", "{EC858F31-C9A0-43E9-8766-4CDCD45EAB81}"
EndProject
Global
	GlobalSection(SolutionConfigurationPlatforms) = preSolution
		Debug|Any CPU = Debug|Any CPU
		Release|Any CPU = Release|Any CPU
	EndGlobalSection
	GlobalSection(ProjectConfigurationPlatforms) = postSolution
		{EC858F31-C9A0-43E9-8766-4CDCD45EAB81}.Debug|Any CPU.ActiveCfg = Debug|Any CPU
		{EC858F31-C9A0-43E9-8766-4CDCD45EAB81}.Debug|Any CPU.Build.0 = Debug|Any CPU
		{EC858F31-C9A0-43E9-8766-4CDCD45EAB81}.Release|Any CPU.ActiveCfg = Release|Any CPU
		{EC858F31-C9A0-43E9-8766-4CDCD45EAB81}.Release|Any CPU.Build.0 = Release|Any CPU
	EndGlobalSection
	GlobalSection(SolutionProperties) = preSolution
		HideSolutionNode = FALSE
	EndGlobalSection
	GlobalSection(ExtensibilityGlobals) = postSolution
		SolutionGuid = {AB95A361-0F23-4F89-B402-D6E5D57F511C}
	EndGlobalSection
EndGlobal
